{
  "name": "@rbbtsn0w/idocs",
  "version": "0.1.0-beta.2",
  "lockfileVersion": 3,
  "requires": true,
  "packages": {
    "": {
      "name": "@rbbtsn0w/idocs",
      "version": "0.1.0-beta.2",
      "cpu": [
        "arm64"
      ],
      "hasInstallScript": true,
      "license": "MIT",
      "os": [
        "darwin"
      ],
      "bin": {
        "idocs": "bin/idocs.js"
      },
      "engines": {
        "node": ">=20"
      }
    }
  }
}
